
Microsoft Visual Studio Solution File, Format Version 12.00
Project("{FAE04EC0-301F-11D3-BF4B-00C04F79EFBC}") = "UltimateTests", "UltimateTests\UltimateTests.csproj", "{A53DE0A1-0354-4701-9508-A27ECC91E48F}"
EndProject
Global
	GlobalSection(SolutionConfigurationPlatforms) = preSolution
		Debug|Any CPU = Debug|Any CPU
		Release|Any CPU = Release|Any CPU
	EndGlobalSection
	GlobalSection(ProjectConfigurationPlatforms) = postSolution
		{A53DE0A1-0354-4701-9508-A27ECC91E48F}.Debug|Any CPU.ActiveCfg = Debug|Any CPU
		{A53DE0A1-0354-4701-9508-A27ECC91E48F}.Debug|Any CPU.Build.0 = Debug|Any CPU
		{A53DE0A1-0354-4701-9508-A27ECC91E48F}.Release|Any CPU.ActiveCfg = Release|Any CPU
		{A53DE0A1-0354-4701-9508-A27ECC91E48F}.Release|Any CPU.Build.0 = Release|Any CPU
	EndGlobalSection
EndGlobal
